# This file is automatically @generated by Poetry 1.8.4 and should not be changed by hand.

[[package]]
name = "certifi"
version = "2021.10.8"
description = "Python package for providing Mozilla's CA Bundle."
optional = false
python-versions = "*"
files = [
    {file = "certifi-2021.10.8-py2.py3-none-any.whl", hash = "sha256:d62a0163eb4c2344ac042ab2bdf75399a71a2d8c7d47eac2e2ee91b9d6339569"},
    {file = "certifi-2021.10.8.tar.gz", hash = "sha256:78884e7c1d4b00ce3cea67b44566851c4343c120abd683433ce934a68ea58872"},
]

[[package]]
name = "cffi"
version = "1.15.0"
description = "Foreign Function Interface for Python calling C code."
optional = false
python-versions = "*"
files = [
    {file = "cffi-1.15.0-cp27-cp27m-macosx_10_9_x86_64.whl", hash = "sha256:c2502a1a03b6312837279c8c1bd3ebedf6c12c4228ddbad40912d671ccc8a962"},
    {file = "cffi-1.15.0-cp27-cp27m-manylinux1_i686.whl", hash = "sha256:23cfe892bd5dd8941608f93348c0737e369e51c100d03718f108bf1add7bd6d0"},
    {file = "cffi-1.15.0-cp27-cp27m-manylinux1_x86_64.whl", hash = "sha256:41d45de54cd277a7878919867c0f08b0cf817605e4eb94093e7516505d3c8d14"},
    {file = "cffi-1.15.0-cp27-cp27m-win32.whl", hash = "sha256:4a306fa632e8f0928956a41fa8e1d6243c71e7eb59ffbd165fc0b41e316b2474"},
    {file = "cffi-1.15.0-cp27-cp27m-win_amd64.whl", hash = "sha256:e7022a66d9b55e93e1a845d8c9eba2a1bebd4966cd8bfc25d9cd07d515b33fa6"},
    {file = "cffi-1.15.0-cp27-cp27mu-manylinux1_i686.whl", hash = "sha256:14cd121ea63ecdae71efa69c15c5543a4b5fbcd0bbe2aad864baca0063cecf27"},
    {file = "cffi-1.15.0-cp27-cp27mu-manylinux1_x86_64.whl", hash = "sha256:d4d692a89c5cf08a8557fdeb329b82e7bf609aadfaed6c0d79f5a449a3c7c023"},
    {file = "cffi-1.15.0-cp310-cp310-macosx_10_9_x86_64.whl", hash = "sha256:0104fb5ae2391d46a4cb082abdd5c69ea4eab79d8d44eaaf79f1b1fd806ee4c2"},
    {file = "cffi-1.15.0-cp310-cp310-macosx_11_0_arm64.whl", hash = "sha256:91ec59c33514b7c7559a6acda53bbfe1b283949c34fe7440bcf917f96ac0723e"},
    {file = "cffi-1.15.0-cp310-cp310-manylinux_2_12_i686.manylinux2010_i686.whl", hash = "sha256:f5c7150ad32ba43a07c4479f40241756145a1f03b43480e058cfd862bf5041c7"},
    {file = "cffi-1.15.0-cp310-cp310-manylinux_2_12_x86_64.manylinux2010_x86_64.whl", hash = "sha256:00c878c90cb53ccfaae6b8bc18ad05d2036553e6d9d1d9dbcf323bbe83854ca3"},
    {file = "cffi-1.15.0-cp310-cp310-manylinux_2_17_aarch64.manylinux2014_aarch64.whl", hash = "sha256:abb9a20a72ac4e0fdb50dae135ba5e77880518e742077ced47eb1499e29a443c"},
    {file = "cffi-1.15.0-cp310-cp310-manylinux_2_17_ppc64le.manylinux2014_ppc64le.whl", hash = "sha256:a5263e363c27b653a90078143adb3d076c1a748ec9ecc78ea2fb916f9b861962"},
    {file = "cffi-1.15.0-cp310-cp310-manylinux_2_17_s390x.manylinux2014_s390x.whl", hash = "sha256:f54a64f8b0c8ff0b64d18aa76675262e1700f3995182267998c31ae974fbc382"},
    {file = "cffi-1.15.0-cp310-cp310-win32.whl", hash = "sha256:c21c9e3896c23007803a875460fb786118f0cdd4434359577ea25eb556e34c55"},
    {file = "cffi-1.15.0-cp310-cp310-win_amd64.whl", hash = "sha256:5e069f72d497312b24fcc02073d70cb989045d1c91cbd53979366077959933e0"},
    {file = "cffi-1.15.0-cp36-cp36m-macosx_10_9_x86_64.whl", hash = "sha256:64d4ec9f448dfe041705426000cc13e34e6e5bb13736e9fd62e34a0b0c41566e"},
    {file = "cffi-1.15.0-cp36-cp36m-manylinux_2_17_aarch64.manylinux2014_aarch64.whl", hash = "sha256:2756c88cbb94231c7a147402476be2c4df2f6078099a6f4a480d239a8817ae39"},
    {file = "cffi-1.15.0-cp36-cp36m-manylinux_2_17_ppc64le.manylinux2014_ppc64le.whl", hash = "sha256:3b96a311ac60a3f6be21d2572e46ce67f09abcf4d09344c49274eb9e0bf345fc"},
    {file = "cffi-1.15.0-cp36-cp36m-manylinux_2_17_s390x.manylinux2014_s390x.whl", hash = "sha256:75e4024375654472cc27e91cbe9eaa08567f7fbdf822638be2814ce059f58032"},
    {file = "cffi-1.15.0-cp36-cp36m-manylinux_2_5_i686.manylinux1_i686.whl", hash = "sha256:59888172256cac5629e60e72e86598027aca6bf01fa2465bdb676d37636573e8"},
    {file = "cffi-1.15.0-cp36-cp36m-manylinux_2_5_x86_64.manylinux1_x86_64.whl", hash = "sha256:27c219baf94952ae9d50ec19651a687b826792055353d07648a5695413e0c605"},
    {file = "cffi-1.15.0-cp36-cp36m-win32.whl", hash = "sha256:4958391dbd6249d7ad855b9ca88fae690783a6be9e86df65865058ed81fc860e"},
    {file = "cffi-1.15.0-cp36-cp36m-win_amd64.whl", hash = "sha256:f6f824dc3bce0edab5f427efcfb1d63ee75b6fcb7282900ccaf925be84efb0fc"},
    {file = "cffi-1.15.0-cp37-cp37m-macosx_10_9_x86_64.whl", hash = "sha256:06c48159c1abed75c2e721b1715c379fa3200c7784271b3c46df01383b593636"},
    {file = "cffi-1.15.0-cp37-cp37m-manylinux_2_12_i686.manylinux2010_i686.whl", hash = "sha256:c2051981a968d7de9dd2d7b87bcb9c939c74a34626a6e2f8181455dd49ed69e4"},
    {file = "cffi-1.15.0-cp37-cp37m-manylinux_2_12_x86_64.manylinux2010_x86_64.whl", hash = "sha256:fd8a250edc26254fe5b33be00402e6d287f562b6a5b2152dec302fa15bb3e997"},
    {file = "cffi-1.15.0-cp37-cp37m-manylinux_2_17_aarch64.manylinux2014_aarch64.whl", hash = "sha256:91d77d2a782be4274da750752bb1650a97bfd8f291022b379bb8e01c66b4e96b"},
    {file = "cffi-1.15.0-cp37-cp37m-manylinux_2_17_ppc64le.manylinux2014_ppc64le.whl", hash = "sha256:45db3a33139e9c8f7c09234b5784a5e33d31fd6907800b316decad50af323ff2"},
    {file = "cffi-1.15.0-cp37-cp37m-manylinux_2_17_s390x.manylinux2014_s390x.whl", hash = "sha256:263cc3d821c4ab2213cbe8cd8b355a7f72a8324577dc865ef98487c1aeee2bc7"},
    {file = "cffi-1.15.0-cp37-cp37m-win32.whl", hash = "sha256:17771976e82e9f94976180f76468546834d22a7cc404b17c22df2a2c81db0c66"},
    {file = "cffi-1.15.0-cp37-cp37m-win_amd64.whl", hash = "sha256:3415c89f9204ee60cd09b235810be700e993e343a408693e80ce7f6a40108029"},
    {file = "cffi-1.15.0-cp38-cp38-macosx_10_9_x86_64.whl", hash = "sha256:4238e6dab5d6a8ba812de994bbb0a79bddbdf80994e4ce802b6f6f3142fcc880"},
    {file = "cffi-1.15.0-cp38-cp38-manylinux_2_12_i686.manylinux2010_i686.whl", hash = "sha256:0808014eb713677ec1292301ea4c81ad277b6cdf2fdd90fd540af98c0b101d20"},
    {file = "cffi-1.15.0-cp38-cp38-manylinux_2_12_x86_64.manylinux2010_x86_64.whl", hash = "sha256:57e9ac9ccc3101fac9d6014fba037473e4358ef4e89f8e181f8951a2c0162024"},
    {file = "cffi-1.15.0-cp38-cp38-manylinux_2_17_aarch64.manylinux2014_aarch64.whl", hash = "sha256:8b6c2ea03845c9f501ed1313e78de148cd3f6cad741a75d43a29b43da27f2e1e"},
    {file = "cffi-1.15.0-cp38-cp38-manylinux_2_17_ppc64le.manylinux2014_ppc64le.whl", hash = "sha256:10dffb601ccfb65262a27233ac273d552ddc4d8ae1bf93b21c94b8511bffe728"},
    {file = "cffi-1.15.0-cp38-cp38-manylinux_2_17_s390x.manylinux2014_s390x.whl", hash = "sha256:786902fb9ba7433aae840e0ed609f45c7bcd4e225ebb9c753aa39725bb3e6ad6"},
    {file = "cffi-1.15.0-cp38-cp38-win32.whl", hash = "sha256:da5db4e883f1ce37f55c667e5c0de439df76ac4cb55964655906306918e7363c"},
    {file = "cffi-1.15.0-cp38-cp38-win_amd64.whl", hash = "sha256:181dee03b1170ff1969489acf1c26533710231c58f95534e3edac87fff06c443"},
    {file = "cffi-1.15.0-cp39-cp39-macosx_10_9_x86_64.whl", hash = "sha256:45e8636704eacc432a206ac7345a5d3d2c62d95a507ec70d62f23cd91770482a"},
    {file = "cffi-1.15.0-cp39-cp39-macosx_11_0_arm64.whl", hash = "sha256:31fb708d9d7c3f49a60f04cf5b119aeefe5644daba1cd2a0fe389b674fd1de37"},
    {file = "cffi-1.15.0-cp39-cp39-manylinux_2_12_i686.manylinux2010_i686.whl", hash = "sha256:6dc2737a3674b3e344847c8686cf29e500584ccad76204efea14f451d4cc669a"},
    {file = "cffi-1.15.0-cp39-cp39-manylinux_2_12_x86_64.manylinux2010_x86_64.whl", hash = "sha256:74fdfdbfdc48d3f47148976f49fab3251e550a8720bebc99bf1483f5bfb5db3e"},
    {file = "cffi-1.15.0-cp39-cp39-manylinux_2_17_aarch64.manylinux2014_aarch64.whl", hash = "sha256:ffaa5c925128e29efbde7301d8ecaf35c8c60ffbcd6a1ffd3a552177c8e5e796"},
    {file = "cffi-1.15.0-cp39-cp39-manylinux_2_17_ppc64le.manylinux2014_ppc64le.whl", hash = "sha256:3f7d084648d77af029acb79a0ff49a0ad7e9d09057a9bf46596dac9514dc07df"},
    {file = "cffi-1.15.0-cp39-cp39-manylinux_2_17_s390x.manylinux2014_s390x.whl", hash = "sha256:ef1f279350da2c586a69d32fc8733092fd32cc8ac95139a00377841f59a3f8d8"},
    {file = "cffi-1.15.0-cp39-cp39-win32.whl", hash = "sha256:2a23af14f408d53d5e6cd4e3d9a24ff9e05906ad574822a10563efcef137979a"},
    {file = "cffi-1.15.0-cp39-cp39-win_amd64.whl", hash = "sha256:3773c4d81e6e818df2efbc7dd77325ca0dcb688116050fb2b3011218eda36139"},
    {file = "cffi-1.15.0.tar.gz", hash = "sha256:920f0d66a896c2d99f0adbb391f990a84091179542c205fa53ce5787aff87954"},
]

[package.dependencies]
pycparser = "*"

[[package]]
name = "charset-normalizer"
version = "2.0.12"
description = "The Real First Universal Charset Detector. Open, modern and actively maintained alternative to Chardet."
optional = false
python-versions = ">=3.5.0"
files = [
    {file = "charset-normalizer-2.0.12.tar.gz", hash = "sha256:2857e29ff0d34db842cd7ca3230549d1a697f96ee6d3fb071cfa6c7393832597"},
    {file = "charset_normalizer-2.0.12-py3-none-any.whl", hash = "sha256:6881edbebdb17b39b4eaaa821b438bf6eddffb4468cf344f09f89def34a8b1df"},
]

[package.extras]
unicode-backport = ["unicodedata2"]

[[package]]
name = "colorama"
version = "0.4.4"
description = "Cross-platform colored terminal text."
optional = false
python-versions = ">=2.7, !=3.0.*, !=3.1.*, !=3.2.*, !=3.3.*, !=3.4.*"
files = [
    {file = "colorama-0.4.4-py2.py3-none-any.whl", hash = "sha256:9f47eda37229f68eee03b24b9748937c7dc3868f906e8ba69fbcbdd3bc5dc3e2"},
    {file = "colorama-0.4.4.tar.gz", hash = "sha256:5941b2b48a20143d2267e95b1c2a7603ce057ee39fd88e7329b0c292aa16869b"},
]

[[package]]
name = "coverage"
version = "7.6.4"
description = "Code coverage measurement for Python"
optional = false
python-versions = ">=3.9"
files = [
    {file = "coverage-7.6.4-cp310-cp310-macosx_10_9_x86_64.whl", hash = "sha256:5f8ae553cba74085db385d489c7a792ad66f7f9ba2ee85bfa508aeb84cf0ba07"},
    {file = "coverage-7.6.4-cp310-cp310-macosx_11_0_arm64.whl", hash = "sha256:8165b796df0bd42e10527a3f493c592ba494f16ef3c8b531288e3d0d72c1f6f0"},
    {file = "coverage-7.6.4-cp310-cp310-manylinux_2_17_aarch64.manylinux2014_aarch64.whl", hash = "sha256:c7c8b95bf47db6d19096a5e052ffca0a05f335bc63cef281a6e8fe864d450a72"},
    {file = "coverage-7.6.4-cp310-cp310-manylinux_2_5_i686.manylinux1_i686.manylinux_2_17_i686.manylinux2014_i686.whl", hash = "sha256:8ed9281d1b52628e81393f5eaee24a45cbd64965f41857559c2b7ff19385df51"},
    {file = "coverage-7.6.4-cp310-cp310-manylinux_2_5_x86_64.manylinux1_x86_64.manylinux_2_17_x86_64.manylinux2014_x86_64.whl", hash = "sha256:0809082ee480bb8f7416507538243c8863ac74fd8a5d2485c46f0f7499f2b491"},
    {file = "coverage-7.6.4-cp310-cp310-musllinux_1_2_aarch64.whl", hash = "sha256:d541423cdd416b78626b55f123412fcf979d22a2c39fce251b350de38c15c15b"},
    {file = "coverage-7.6.4-cp310-cp310-musllinux_1_2_i686.whl", hash = "sha256:58809e238a8a12a625c70450b48e8767cff9eb67c62e6154a642b21ddf79baea"},
    {file = "coverage-7.6.4-cp310-cp310-musllinux_1_2_x86_64.whl", hash = "sha256:c9b8e184898ed014884ca84c70562b4a82cbc63b044d366fedc68bc2b2f3394a"},
    {file = "coverage-7.6.4-cp310-cp310-win32.whl", hash = "sha256:6bd818b7ea14bc6e1f06e241e8234508b21edf1b242d49831831a9450e2f35fa"},
    {file = "coverage-7.6.4-cp310-cp310-win_amd64.whl", hash = "sha256:06babbb8f4e74b063dbaeb74ad68dfce9186c595a15f11f5d5683f748fa1d172"},
    {file = "coverage-7.6.4-cp311-cp311-macosx_10_9_x86_64.whl", hash = "sha256:73d2b73584446e66ee633eaad1a56aad577c077f46c35ca3283cd687b7715b0b"},
    {file = "coverage-7.6.4-cp311-cp311-macosx_11_0_arm64.whl", hash = "sha256:51b44306032045b383a7a8a2c13878de375117946d68dcb54308111f39775a25"},
    {file = "coverage-7.6.4-cp311-cp311-manylinux_2_17_aarch64.manylinux2014_aarch64.whl", hash = "sha256:0b3fb02fe73bed561fa12d279a417b432e5b50fe03e8d663d61b3d5990f29546"},
    {file = "coverage-7.6.4-cp311-cp311-manylinux_2_5_i686.manylinux1_i686.manylinux_2_17_i686.manylinux2014_i686.whl", hash = "sha256:ed8fe9189d2beb6edc14d3ad19800626e1d9f2d975e436f84e19efb7fa19469b"},
    {file = "coverage-7.6.4-cp311-cp311-manylinux_2_5_x86_64.manylinux1_x86_64.manylinux_2_17_x86_64.manylinux2014_x86_64.whl", hash = "sha256:b369ead6527d025a0fe7bd3864e46dbee3aa8f652d48df6174f8d0bac9e26e0e"},
    {file = "coverage-7.6.4-cp311-cp311-musllinux_1_2_aarch64.whl", hash = "sha256:ade3ca1e5f0ff46b678b66201f7ff477e8fa11fb537f3b55c3f0568fbfe6e718"},
    {file = "coverage-7.6.4-cp311-cp311-musllinux_1_2_i686.whl", hash = "sha256:27fb4a050aaf18772db513091c9c13f6cb94ed40eacdef8dad8411d92d9992db"},
    {file = "coverage-7.6.4-cp311-cp311-musllinux_1_2_x86_64.whl", hash = "sha256:4f704f0998911abf728a7783799444fcbbe8261c4a6c166f667937ae6a8aa522"},
    {file = "coverage-7.6.4-cp311-cp311-win32.whl", hash = "sha256:29155cd511ee058e260db648b6182c419422a0d2e9a4fa44501898cf918866cf"},
    {file = "coverage-7.6.4-cp311-cp311-win_amd64.whl", hash = "sha256:8902dd6a30173d4ef09954bfcb24b5d7b5190cf14a43170e386979651e09ba19"},
    {file = "coverage-7.6.4-cp312-cp312-macosx_10_13_x86_64.whl", hash = "sha256:12394842a3a8affa3ba62b0d4ab7e9e210c5e366fbac3e8b2a68636fb19892c2"},
    {file = "coverage-7.6.4-cp312-cp312-macosx_11_0_arm64.whl", hash = "sha256:2b6b4c83d8e8ea79f27ab80778c19bc037759aea298da4b56621f4474ffeb117"},
    {file = "coverage-7.6.4-cp312-cp312-manylinux_2_17_aarch64.manylinux2014_aarch64.whl", hash = "sha256:1d5b8007f81b88696d06f7df0cb9af0d3b835fe0c8dbf489bad70b45f0e45613"},
    {file = "coverage-7.6.4-cp312-cp312-manylinux_2_5_i686.manylinux1_i686.manylinux_2_17_i686.manylinux2014_i686.whl", hash = "sha256:b57b768feb866f44eeed9f46975f3d6406380275c5ddfe22f531a2bf187eda27"},
    {file = "coverage-7.6.4-cp312-cp312-manylinux_2_5_x86_64.manylinux1_x86_64.manylinux_2_17_x86_64.manylinux2014_x86_64.whl", hash = "sha256:5915fcdec0e54ee229926868e9b08586376cae1f5faa9bbaf8faf3561b393d52"},
    {file = "coverage-7.6.4-cp312-cp312-musllinux_1_2_aarch64.whl", hash = "sha256:0b58c672d14f16ed92a48db984612f5ce3836ae7d72cdd161001cc54512571f2"},
    {file = "coverage-7.6.4-cp312-cp312-musllinux_1_2_i686.whl", hash = "sha256:2fdef0d83a2d08d69b1f2210a93c416d54e14d9eb398f6ab2f0a209433db19e1"},
    {file = "coverage-7.6.4-cp312-cp312-musllinux_1_2_x86_64.whl", hash = "sha256:8cf717ee42012be8c0cb205dbbf18ffa9003c4cbf4ad078db47b95e10748eec5"},
    {file = "coverage-7.6.4-cp312-cp312-win32.whl", hash = "sha256:7bb92c539a624cf86296dd0c68cd5cc286c9eef2d0c3b8b192b604ce9de20a17"},
    {file = "coverage-7.6.4-cp312-cp312-win_amd64.whl", hash = "sha256:1032e178b76a4e2b5b32e19d0fd0abbce4b58e77a1ca695820d10e491fa32b08"},
    {file = "coverage-7.6.4-cp313-cp313-macosx_10_13_x86_64.whl", hash = "sha256:023bf8ee3ec6d35af9c1c6ccc1d18fa69afa1cb29eaac57cb064dbb262a517f9"},
    {file = "coverage-7.6.4-cp313-cp313-macosx_11_0_arm64.whl", hash = "sha256:b0ac3d42cb51c4b12df9c5f0dd2f13a4f24f01943627120ec4d293c9181219ba"},
    {file = "coverage-7.6.4-cp313-cp313-manylinux_2_17_aarch64.manylinux2014_aarch64.whl", hash = "sha256:f8fe4984b431f8621ca53d9380901f62bfb54ff759a1348cd140490ada7b693c"},
    {file = "coverage-7.6.4-cp313-cp313-manylinux_2_5_i686.manylinux1_i686.manylinux_2_17_i686.manylinux2014_i686.whl", hash = "sha256:5fbd612f8a091954a0c8dd4c0b571b973487277d26476f8480bfa4b2a65b5d06"},
    {file = "coverage-7.6.4-cp313-cp313-manylinux_2_5_x86_64.manylinux1_x86_64.manylinux_2_17_x86_64.manylinux2014_x86_64.whl", hash = "sha256:dacbc52de979f2823a819571f2e3a350a7e36b8cb7484cdb1e289bceaf35305f"},
    {file = "coverage-7.6.4-cp313-cp313-musllinux_1_2_aarch64.whl", hash = "sha256:dab4d16dfef34b185032580e2f2f89253d302facba093d5fa9dbe04f569c4f4b"},
    {file = "coverage-7.6.4-cp313-cp313-musllinux_1_2_i686.whl", hash = "sha256:862264b12ebb65ad8d863d51f17758b1684560b66ab02770d4f0baf2ff75da21"},
    {file = "coverage-7.6.4-cp313-cp313-musllinux_1_2_x86_64.whl", hash = "sha256:5beb1ee382ad32afe424097de57134175fea3faf847b9af002cc7895be4e2a5a"},
    {file = "coverage-7.6.4-cp313-cp313-win32.whl", hash = "sha256:bf20494da9653f6410213424f5f8ad0ed885e01f7e8e59811f572bdb20b8972e"},
    {file = "coverage-7.6.4-cp313-cp313-win_amd64.whl", hash = "sha256:182e6cd5c040cec0a1c8d415a87b67ed01193ed9ad458ee427741c7d8513d963"},
    {file = "coverage-7.6.4-cp313-cp313t-macosx_10_13_x86_64.whl", hash = "sha256:a181e99301a0ae128493a24cfe5cfb5b488c4e0bf2f8702091473d033494d04f"},
    {file = "coverage-7.6.4-cp313-cp313t-macosx_11_0_arm64.whl", hash = "sha256:df57bdbeffe694e7842092c5e2e0bc80fff7f43379d465f932ef36f027179806"},
    {file = "coverage-7.6.4-cp313-cp313t-manylinux_2_17_aarch64.manylinux2014_aarch64.whl", hash = "sha256:0bcd1069e710600e8e4cf27f65c90c7843fa8edfb4520fb0ccb88894cad08b11"},
    {file = "coverage-7.6.4-cp313-cp313t-manylinux_2_5_i686.manylinux1_i686.manylinux_2_17_i686.manylinux2014_i686.whl", hash = "sha256:99b41d18e6b2a48ba949418db48159d7a2e81c5cc290fc934b7d2380515bd0e3"},
    {file = "coverage-7.6.4-cp313-cp313t-manylinux_2_5_x86_64.manylinux1_x86_64.manylinux_2_17_x86_64.manylinux2014_x86_64.whl", hash = "sha256:a6b1e54712ba3474f34b7ef7a41e65bd9037ad47916ccb1cc78769bae324c01a"},
    {file = "coverage-7.6.4-cp313-cp313t-musllinux_1_2_aarch64.whl", hash = "sha256:53d202fd109416ce011578f321460795abfe10bb901b883cafd9b3ef851bacfc"},
    {file = "coverage-7.6.4-cp313-cp313t-musllinux_1_2_i686.whl", hash = "sha256:c48167910a8f644671de9f2083a23630fbf7a1cb70ce939440cd3328e0919f70"},
    {file = "coverage-7.6.4-cp313-cp313t-musllinux_1_2_x86_64.whl", hash = "sha256:cc8ff50b50ce532de2fa7a7daae9dd12f0a699bfcd47f20945364e5c31799fef"},
    {file = "coverage-7.6.4-cp313-cp313t-win32.whl", hash = "sha256:b8d3a03d9bfcaf5b0141d07a88456bb6a4c3ce55c080712fec8418ef3610230e"},
    {file = "coverage-7.6.4-cp313-cp313t-win_amd64.whl", hash = "sha256:f3ddf056d3ebcf6ce47bdaf56142af51bb7fad09e4af310241e9db7a3a8022e1"},
    {file = "coverage-7.6.4-cp39-cp39-macosx_10_9_x86_64.whl", hash = "sha256:9cb7fa111d21a6b55cbf633039f7bc2749e74932e3aa7cb7333f675a58a58bf3"},
    {file = "coverage-7.6.4-cp39-cp39-macosx_11_0_arm64.whl", hash = "sha256:11a223a14e91a4693d2d0755c7a043db43d96a7450b4f356d506c2562c48642c"},
    {file = "coverage-7.6.4-cp39-cp39-manylinux_2_17_aarch64.manylinux2014_aarch64.whl", hash = "sha256:a413a096c4cbac202433c850ee43fa326d2e871b24554da8327b01632673a076"},
    {file = "coverage-7.6.4-cp39-cp39-manylinux_2_5_i686.manylinux1_i686.manylinux_2_17_i686.manylinux2014_i686.whl", hash = "sha256:00a1d69c112ff5149cabe60d2e2ee948752c975d95f1e1096742e6077affd376"},
    {file = "coverage-7.6.4-cp39-cp39-manylinux_2_5_x86_64.manylinux1_x86_64.manylinux_2_17_x86_64.manylinux2014_x86_64.whl", hash = "sha256:1f76846299ba5c54d12c91d776d9605ae33f8ae2b9d1d3c3703cf2db1a67f2c0"},
    {file = "coverage-7.6.4-cp39-cp39-musllinux_1_2_aarch64.whl", hash = "sha256:fe439416eb6380de434886b00c859304338f8b19f6f54811984f3420a2e03858"},
    {file = "coverage-7.6.4-cp39-cp39-musllinux_1_2_i686.whl", hash = "sha256:0294ca37f1ba500667b1aef631e48d875ced93ad5e06fa665a3295bdd1d95111"},
    {file = "coverage-7.6.4-cp39-cp39-musllinux_1_2_x86_64.whl", hash = "sha256:6f01ba56b1c0e9d149f9ac85a2f999724895229eb36bd997b61e62999e9b0901"},
    {file = "coverage-7.6.4-cp39-cp39-win32.whl", hash = "sha256:bc66f0bf1d7730a17430a50163bb264ba9ded56739112368ba985ddaa9c3bd09"},
    {file = "coverage-7.6.4-cp39-cp39-win_amd64.whl", hash = "sha256:c481b47f6b5845064c65a7bc78bc0860e635a9b055af0df46fdf1c58cebf8e8f"},
    {file = "coverage-7.6.4-pp39.pp310-none-any.whl", hash = "sha256:3c65d37f3a9ebb703e710befdc489a38683a5b152242664b973a7b7b22348a4e"},
    {file = "coverage-7.6.4.tar.gz", hash = "sha256:29fc0f17b1d3fea332f8001d4558f8214af7f1d87a345f3a133c901d60347c73"},
]

[package.dependencies]
tomli = {version = "*", optional = true, markers = "python_full_version <= \"3.11.0a6\" and extra == \"toml\""}

[package.extras]
toml = ["tomli"]

[[package]]
name = "cryptography"
version = "43.0.3"
description = "cryptography is a package which provides cryptographic recipes and primitives to Python developers."
optional = false
python-versions = ">=3.7"
files = [
    {file = "cryptography-43.0.3-cp37-abi3-macosx_10_9_universal2.whl", hash = "sha256:bf7a1932ac4176486eab36a19ed4c0492da5d97123f1406cf15e41b05e787d2e"},
    {file = "cryptography-43.0.3-cp37-abi3-manylinux_2_17_aarch64.manylinux2014_aarch64.whl", hash = "sha256:63efa177ff54aec6e1c0aefaa1a241232dcd37413835a9b674b6e3f0ae2bfd3e"},
    {file = "cryptography-43.0.3-cp37-abi3-manylinux_2_17_x86_64.manylinux2014_x86_64.whl", hash = "sha256:7e1ce50266f4f70bf41a2c6dc4358afadae90e2a1e5342d3c08883df1675374f"},
    {file = "cryptography-43.0.3-cp37-abi3-manylinux_2_28_aarch64.whl", hash = "sha256:443c4a81bb10daed9a8f334365fe52542771f25aedaf889fd323a853ce7377d6"},
    {file = "cryptography-43.0.3-cp37-abi3-manylinux_2_28_x86_64.whl", hash = "sha256:74f57f24754fe349223792466a709f8e0c093205ff0dca557af51072ff47ab18"},
    {file = "cryptography-43.0.3-cp37-abi3-musllinux_1_2_aarch64.whl", hash = "sha256:9762ea51a8fc2a88b70cf2995e5675b38d93bf36bd67d91721c309df184f49bd"},
    {file = "cryptography-43.0.3-cp37-abi3-musllinux_1_2_x86_64.whl", hash = "sha256:81ef806b1fef6b06dcebad789f988d3b37ccaee225695cf3e07648eee0fc6b73"},
    {file = "cryptography-43.0.3-cp37-abi3-win32.whl", hash = "sha256:cbeb489927bd7af4aa98d4b261af9a5bc025bd87f0e3547e11584be9e9427be2"},
    {file = "cryptography-43.0.3-cp37-abi3-win_amd64.whl", hash = "sha256:f46304d6f0c6ab8e52770addfa2fc41e6629495548862279641972b6215451cd"},
    {file = "cryptography-43.0.3-cp39-abi3-macosx_10_9_universal2.whl", hash = "sha256:8ac43ae87929a5982f5948ceda07001ee5e83227fd69cf55b109144938d96984"},
    {file = "cryptography-43.0.3-cp39-abi3-manylinux_2_17_aarch64.manylinux2014_aarch64.whl", hash = "sha256:846da004a5804145a5f441b8530b4bf35afbf7da70f82409f151695b127213d5"},
    {file = "cryptography-43.0.3-cp39-abi3-manylinux_2_17_x86_64.manylinux2014_x86_64.whl", hash = "sha256:0f996e7268af62598f2fc1204afa98a3b5712313a55c4c9d434aef49cadc91d4"},
    {file = "cryptography-43.0.3-cp39-abi3-manylinux_2_28_aarch64.whl", hash = "sha256:f7b178f11ed3664fd0e995a47ed2b5ff0a12d893e41dd0494f406d1cf555cab7"},
    {file = "cryptography-43.0.3-cp39-abi3-manylinux_2_28_x86_64.whl", hash = "sha256:c2e6fc39c4ab499049df3bdf567f768a723a5e8464816e8f009f121a5a9f4405"},
    {file = "cryptography-43.0.3-cp39-abi3-musllinux_1_2_aarch64.whl", hash = "sha256:e1be4655c7ef6e1bbe6b5d0403526601323420bcf414598955968c9ef3eb7d16"},
    {file = "cryptography-43.0.3-cp39-abi3-musllinux_1_2_x86_64.whl", hash = "sha256:df6b6c6d742395dd77a23ea3728ab62f98379eff8fb61be2744d4679ab678f73"},
    {file = "cryptography-43.0.3-cp39-abi3-win32.whl", hash = "sha256:d56e96520b1020449bbace2b78b603442e7e378a9b3bd68de65c782db1507995"},
    {file = "cryptography-43.0.3-cp39-abi3-win_amd64.whl", hash = "sha256:0c580952eef9bf68c4747774cde7ec1d85a6e61de97281f2dba83c7d2c806362"},
    {file = "cryptography-43.0.3-pp310-pypy310_pp73-macosx_10_9_x86_64.whl", hash = "sha256:d03b5621a135bffecad2c73e9f4deb1a0f977b9a8ffe6f8e002bf6c9d07b918c"},
    {file = "cryptography-43.0.3-pp310-pypy310_pp73-manylinux_2_28_aarch64.whl", hash = "sha256:a2a431ee15799d6db9fe80c82b055bae5a752bef645bba795e8e52687c69efe3"},
    {file = "cryptography-43.0.3-pp310-pypy310_pp73-manylinux_2_28_x86_64.whl", hash = "sha256:281c945d0e28c92ca5e5930664c1cefd85efe80e5c0d2bc58dd63383fda29f83"},
    {file = "cryptography-43.0.3-pp310-pypy310_pp73-win_amd64.whl", hash = "sha256:f18c716be16bc1fea8e95def49edf46b82fccaa88587a45f8dc0ff6ab5d8e0a7"},
    {file = "cryptography-43.0.3-pp39-pypy39_pp73-macosx_10_9_x86_64.whl", hash = "sha256:4a02ded6cd4f0a5562a8887df8b3bd14e822a90f97ac5e544c162899bc467664"},
    {file = "cryptography-43.0.3-pp39-pypy39_pp73-manylinux_2_28_aarch64.whl", hash = "sha256:53a583b6637ab4c4e3591a15bc9db855b8d9dee9a669b550f311480acab6eb08"},
    {file = "cryptography-43.0.3-pp39-pypy39_pp73-manylinux_2_28_x86_64.whl", hash = "sha256:1ec0bcf7e17c0c5669d881b1cd38c4972fade441b27bda1051665faaa89bdcaa"},
    {file = "cryptography-43.0.3-pp39-pypy39_pp73-win_amd64.whl", hash = "sha256:2ce6fae5bdad59577b44e4dfed356944fbf1d925269114c28be377692643b4ff"},
    {file = "cryptography-43.0.3.tar.gz", hash = "sha256:315b9001266a492a6ff443b61238f956b214dbec9910a081ba5b6646a055a805"},
]

[package.dependencies]
cffi = {version = ">=1.12", markers = "platform_python_implementation != \"PyPy\""}

[package.extras]
docs = ["sphinx (>=5.3.0)", "sphinx-rtd-theme (>=1.1.1)"]
docstest = ["pyenchant (>=1.6.11)", "readme-renderer", "sphinxcontrib-spelling (>=4.0.1)"]
nox = ["nox"]
pep8test = ["check-sdist", "click", "mypy", "ruff"]
sdist = ["build"]
ssh = ["bcrypt (>=3.1.5)"]
test = ["certifi", "cryptography-vectors (==43.0.3)", "pretend", "pytest (>=6.2.0)", "pytest-benchmark", "pytest-cov", "pytest-xdist"]
test-randomorder = ["pytest-randomly"]

[[package]]
name = "deprecated"
version = "1.2.13"
description = "Python @deprecated decorator to deprecate old python classes, functions or methods."
optional = false
python-versions = ">=2.7, !=3.0.*, !=3.1.*, !=3.2.*, !=3.3.*"
files = [
    {file = "Deprecated-1.2.13-py2.py3-none-any.whl", hash = "sha256:64756e3e14c8c5eea9795d93c524551432a0be75629f8f29e67ab8caf076c76d"},
    {file = "Deprecated-1.2.13.tar.gz", hash = "sha256:43ac5335da90c31c24ba028af536a91d41d53f9e6901ddb021bcc572ce44e38d"},
]

[package.dependencies]
wrapt = ">=1.10,<2"

[package.extras]
dev = ["PyTest", "PyTest (<5)", "PyTest-Cov", "PyTest-Cov (<2.6)", "bump2version (<1)", "configparser (<5)", "importlib-metadata (<3)", "importlib-resources (<4)", "sphinx (<2)", "sphinxcontrib-websupport (<2)", "tox", "zipp (<2)"]

[[package]]
name = "exceptiongroup"
version = "1.2.2"
description = "Backport of PEP 654 (exception groups)"
optional = false
python-versions = ">=3.7"
files = [
    {file = "exceptiongroup-1.2.2-py3-none-any.whl", hash = "sha256:3111b9d131c238bec2f8f516e123e14ba243563fb135d3fe885990585aa7795b"},
    {file = "exceptiongroup-1.2.2.tar.gz", hash = "sha256:47c2edf7c6738fafb49fd34290706d1a1a2f4d1c6df275526b62cbb4aa5393cc"},
]

[package.extras]
test = ["pytest (>=6)"]

[[package]]
name = "idna"
version = "3.3"
description = "Internationalized Domain Names in Applications (IDNA)"
optional = false
python-versions = ">=3.5"
files = [
    {file = "idna-3.3-py3-none-any.whl", hash = "sha256:84d9dd047ffa80596e0f246e2eab0b391788b0503584e8945f2368256d2735ff"},
    {file = "idna-3.3.tar.gz", hash = "sha256:9d643ff0a55b762d5cdb124b8eaa99c66322e2157b69160bc32796e824360e6d"},
]

[[package]]
name = "iniconfig"
version = "1.1.1"
description = "iniconfig: brain-dead simple config-ini parsing"
optional = false
python-versions = "*"
files = [
    {file = "iniconfig-1.1.1-py2.py3-none-any.whl", hash = "sha256:011e24c64b7f47f6ebd835bb12a743f2fbe9a26d4cecaa7f53bc4f35ee9da8b3"},
    {file = "iniconfig-1.1.1.tar.gz", hash = "sha256:bc3af051d7d14b2ee5ef9969666def0cd1a000e121eaea580d4a313df4b37f32"},
]

[[package]]
name = "packaging"
version = "21.3"
description = "Core utilities for Python packages"
optional = false
python-versions = ">=3.6"
files = [
    {file = "packaging-21.3-py3-none-any.whl", hash = "sha256:ef103e05f519cdc783ae24ea4e2e0f508a9c99b2d4969652eed6a2e1ea5bd522"},
    {file = "packaging-21.3.tar.gz", hash = "sha256:dd47c42927d89ab911e606518907cc2d3a1f38bbd026385970643f9c5b8ecfeb"},
]

[package.dependencies]
pyparsing = ">=2.0.2,<3.0.5 || >3.0.5"

[[package]]
name = "pluggy"
version = "1.5.0"
description = "plugin and hook calling mechanisms for python"
optional = false
python-versions = ">=3.8"
files = [
    {file = "pluggy-1.5.0-py3-none-any.whl", hash = "sha256:44e1ad92c8ca002de6377e165f3e0f1be63266ab4d554740532335b9d75ea669"},
    {file = "pluggy-1.5.0.tar.gz", hash = "sha256:2cffa88e94fdc978c4c574f15f9e59b7f4201d439195c3715ca9e2486f1d0cf1"},
]

[package.extras]
dev = ["pre-commit", "tox"]
testing = ["pytest", "pytest-benchmark"]

[[package]]
name = "pycparser"
version = "2.21"
description = "C parser in Python"
optional = false
python-versions = ">=2.7, !=3.0.*, !=3.1.*, !=3.2.*, !=3.3.*"
files = [
    {file = "pycparser-2.21-py2.py3-none-any.whl", hash = "sha256:8ee45429555515e1f6b185e78100aea234072576aa43ab53aefcae078162fca9"},
    {file = "pycparser-2.21.tar.gz", hash = "sha256:e644fdec12f7872f86c58ff790da456218b10f863970249516d60a5eaca77206"},
]

[[package]]
name = "pygithub"
version = "2.4.0"
description = "Use the full Github API v3"
optional = false
python-versions = ">=3.8"
files = [
    {file = "PyGithub-2.4.0-py3-none-any.whl", hash = "sha256:81935aa4bdc939fba98fee1cb47422c09157c56a27966476ff92775602b9ee24"},
    {file = "pygithub-2.4.0.tar.gz", hash = "sha256:6601e22627e87bac192f1e2e39c6e6f69a43152cfb8f307cee575879320b3051"},
]

[package.dependencies]
Deprecated = "*"
pyjwt = {version = ">=2.4.0", extras = ["crypto"]}
pynacl = ">=1.4.0"
requests = ">=2.14.0"
typing-extensions = ">=4.0.0"
urllib3 = ">=1.26.0"

[[package]]
name = "pyjwt"
version = "2.9.0"
description = "JSON Web Token implementation in Python"
optional = false
python-versions = ">=3.8"
files = [
    {file = "PyJWT-2.9.0-py3-none-any.whl", hash = "sha256:3b02fb0f44517787776cf48f2ae25d8e14f300e6d7545a4315cee571a415e850"},
    {file = "pyjwt-2.9.0.tar.gz", hash = "sha256:7e1e5b56cc735432a7369cbfa0efe50fa113ebecdc04ae6922deba8b84582d0c"},
]

[package.dependencies]
cryptography = {version = ">=3.4.0", optional = true, markers = "extra == \"crypto\""}

[package.extras]
crypto = ["cryptography (>=3.4.0)"]
dev = ["coverage[toml] (==5.0.4)", "cryptography (>=3.4.0)", "pre-commit", "pytest (>=6.0.0,<7.0.0)", "sphinx", "sphinx-rtd-theme", "zope.interface"]
docs = ["sphinx", "sphinx-rtd-theme", "zope.interface"]
tests = ["coverage[toml] (==5.0.4)", "pytest (>=6.0.0,<7.0.0)"]

[[package]]
name = "pynacl"
version = "1.5.0"
description = "Python binding to the Networking and Cryptography (NaCl) library"
optional = false
python-versions = ">=3.6"
files = [
    {file = "PyNaCl-1.5.0-cp36-abi3-macosx_10_10_universal2.whl", hash = "sha256:401002a4aaa07c9414132aaed7f6836ff98f59277a234704ff66878c2ee4a0d1"},
    {file = "PyNaCl-1.5.0-cp36-abi3-manylinux_2_17_aarch64.manylinux2014_aarch64.manylinux_2_24_aarch64.whl", hash = "sha256:52cb72a79269189d4e0dc537556f4740f7f0a9ec41c1322598799b0bdad4ef92"},
    {file = "PyNaCl-1.5.0-cp36-abi3-manylinux_2_17_aarch64.manylinux2014_aarch64.whl", hash = "sha256:a36d4a9dda1f19ce6e03c9a784a2921a4b726b02e1c736600ca9c22029474394"},
    {file = "PyNaCl-1.5.0-cp36-abi3-manylinux_2_17_x86_64.manylinux2014_x86_64.manylinux_2_24_x86_64.whl", hash = "sha256:0c84947a22519e013607c9be43706dd42513f9e6ae5d39d3613ca1e142fba44d"},
    {file = "PyNaCl-1.5.0-cp36-abi3-manylinux_2_17_x86_64.manylinux2014_x86_64.whl", hash = "sha256:06b8f6fa7f5de8d5d2f7573fe8c863c051225a27b61e6860fd047b1775807858"},
    {file = "PyNaCl-1.5.0-cp36-abi3-musllinux_1_1_aarch64.whl", hash = "sha256:a422368fc821589c228f4c49438a368831cb5bbc0eab5ebe1d7fac9dded6567b"},
    {file = "PyNaCl-1.5.0-cp36-abi3-musllinux_1_1_x86_64.whl", hash = "sha256:61f642bf2378713e2c2e1de73444a3778e5f0a38be6fee0fe532fe30060282ff"},
    {file = "PyNaCl-1.5.0-cp36-abi3-win32.whl", hash = "sha256:e46dae94e34b085175f8abb3b0aaa7da40767865ac82c928eeb9e57e1ea8a543"},
    {file = "PyNaCl-1.5.0-cp36-abi3-win_amd64.whl", hash = "sha256:20f42270d27e1b6a29f54032090b972d97f0a1b0948cc52392041ef7831fee93"},
    {file = "PyNaCl-1.5.0.tar.gz", hash = "sha256:8ac7448f09ab85811607bdd21ec2464495ac8b7c66d146bf545b0f08fb9220ba"},
]

[package.dependencies]
cffi = ">=1.4.1"

[package.extras]
docs = ["sphinx (>=1.6.5)", "sphinx-rtd-theme"]
tests = ["hypothesis (>=3.27.0)", "pytest (>=3.2.1,!=3.3.0)"]

[[package]]
name = "pyparsing"
version = "3.0.7"
description = "Python parsing module"
optional = false
python-versions = ">=3.6"
files = [
    {file = "pyparsing-3.0.7-py3-none-any.whl", hash = "sha256:a6c06a88f252e6c322f65faf8f418b16213b51bdfaece0524c1c1bc30c63c484"},
    {file = "pyparsing-3.0.7.tar.gz", hash = "sha256:18ee9022775d270c55187733956460083db60b37d0d0fb357445f3094eed3eea"},
]

[package.extras]
diagrams = ["jinja2", "railroad-diagrams"]

[[package]]
name = "pytest"
version = "8.3.3"
description = "pytest: simple powerful testing with Python"
optional = false
python-versions = ">=3.8"
files = [
    {file = "pytest-8.3.3-py3-none-any.whl", hash = "sha256:a6853c7375b2663155079443d2e45de913a911a11d669df02a50814944db57b2"},
    {file = "pytest-8.3.3.tar.gz", hash = "sha256:70b98107bd648308a7952b06e6ca9a50bc660be218d53c257cc1fc94fda10181"},
]

[package.dependencies]
colorama = {version = "*", markers = "sys_platform == \"win32\""}
exceptiongroup = {version = ">=1.0.0rc8", markers = "python_version < \"3.11\""}
iniconfig = "*"
packaging = "*"
pluggy = ">=1.5,<2"
tomli = {version = ">=1", markers = "python_version < \"3.11\""}

[package.extras]
dev = ["argcomplete", "attrs (>=19.2)", "hypothesis (>=3.56)", "mock", "pygments (>=2.7.2)", "requests", "setuptools", "xmlschema"]

[[package]]
name = "pytest-cov"
version = "4.1.0"
description = "Pytest plugin for measuring coverage."
optional = false
python-versions = ">=3.7"
files = [
    {file = "pytest-cov-4.1.0.tar.gz", hash = "sha256:3904b13dfbfec47f003b8e77fd5b589cd11904a21ddf1ab38a64f204d6a10ef6"},
    {file = "pytest_cov-4.1.0-py3-none-any.whl", hash = "sha256:6ba70b9e97e69fcc3fb45bfeab2d0a138fb65c4d0d6a41ef33983ad114be8c3a"},
]

[package.dependencies]
coverage = {version = ">=5.2.1", extras = ["toml"]}
pytest = ">=4.6"

[package.extras]
testing = ["fields", "hunter", "process-tests", "pytest-xdist", "six", "virtualenv"]

[[package]]
name = "python-dateutil"
version = "2.9.0.post0"
description = "Extensions to the standard Python datetime module"
optional = false
python-versions = "!=3.0.*,!=3.1.*,!=3.2.*,>=2.7"
files = [
    {file = "python-dateutil-2.9.0.post0.tar.gz", hash = "sha256:37dd54208da7e1cd875388217d5e00ebd4179249f90fb72437e91a35459a0ad3"},
    {file = "python_dateutil-2.9.0.post0-py2.py3-none-any.whl", hash = "sha256:a8b2bc7bffae282281c8140a97d3aa9c14da0b136dfe83f850eea9a5f7470427"},
]

[package.dependencies]
six = ">=1.5"

[[package]]
name = "requests"
version = "2.32.3"
description = "Python HTTP for Humans."
optional = false
python-versions = ">=3.8"
files = [
    {file = "requests-2.32.3-py3-none-any.whl", hash = "sha256:70761cfe03c773ceb22aa2f671b4757976145175cdfca038c02654d061d6dcc6"},
    {file = "requests-2.32.3.tar.gz", hash = "sha256:55365417734eb18255590a9ff9eb97e9e1da868d4ccd6402399eaf68af20a760"},
]

[package.dependencies]
certifi = ">=2017.4.17"
charset-normalizer = ">=2,<4"
idna = ">=2.5,<4"
urllib3 = ">=1.21.1,<3"

[package.extras]
socks = ["PySocks (>=1.5.6,!=1.5.7)"]
use-chardet-on-py3 = ["chardet (>=3.0.2,<6)"]

[[package]]
name = "six"
version = "1.16.0"
description = "Python 2 and 3 compatibility utilities"
optional = false
python-versions = ">=2.7, !=3.0.*, !=3.1.*, !=3.2.*"
files = [
    {file = "six-1.16.0-py2.py3-none-any.whl", hash = "sha256:8abb2f1d86890a2dfb989f9a77cfcfd3e47c2a354b01111771326f8aa26e0254"},
    {file = "six-1.16.0.tar.gz", hash = "sha256:1e61c37477a1626458e36f7b1d82aa5c9b094fa4802892072e49de9c60c4c926"},
]

[[package]]
name = "tomli"
version = "2.0.1"
description = "A lil' TOML parser"
optional = false
python-versions = ">=3.7"
files = [
    {file = "tomli-2.0.1-py3-none-any.whl", hash = "sha256:939de3e7a6161af0c887ef91b7d41a53e7c5a1ca976325f429cb46ea9bc30ecc"},
    {file = "tomli-2.0.1.tar.gz", hash = "sha256:de526c12914f0c550d15924c62d72abc48d6fe7364aa87328337a31007fe8a4f"},
]

[[package]]
name = "types-python-dateutil"
version = "2.9.0.20241003"
description = "Typing stubs for python-dateutil"
optional = false
python-versions = ">=3.8"
files = [
    {file = "types-python-dateutil-2.9.0.20241003.tar.gz", hash = "sha256:58cb85449b2a56d6684e41aeefb4c4280631246a0da1a719bdbe6f3fb0317446"},
    {file = "types_python_dateutil-2.9.0.20241003-py3-none-any.whl", hash = "sha256:250e1d8e80e7bbc3a6c99b907762711d1a1cdd00e978ad39cb5940f6f0a87f3d"},
]

[[package]]
name = "types-requests"
version = "2.32.0.20241016"
description = "Typing stubs for requests"
optional = false
python-versions = ">=3.8"
files = [
    {file = "types-requests-2.32.0.20241016.tar.gz", hash = "sha256:0d9cad2f27515d0e3e3da7134a1b6f28fb97129d86b867f24d9c726452634d95"},
    {file = "types_requests-2.32.0.20241016-py3-none-any.whl", hash = "sha256:4195d62d6d3e043a4eaaf08ff8a62184584d2e8684e9d2aa178c7915a7da3747"},
]

[package.dependencies]
urllib3 = ">=2"

[[package]]
name = "typing-extensions"
version = "4.12.2"
description = "Backported and Experimental Type Hints for Python 3.8+"
optional = false
python-versions = ">=3.8"
files = [
    {file = "typing_extensions-4.12.2-py3-none-any.whl", hash = "sha256:04e5ca0351e0f3f85c6853954072df659d0d13fac324d0072316b67d7794700d"},
    {file = "typing_extensions-4.12.2.tar.gz", hash = "sha256:1a7ead55c7e559dd4dee8856e3a88b41225abfe1ce8df57b7c13915fe121ffb8"},
]

[[package]]
name = "urllib3"
version = "2.2.3"
description = "HTTP library with thread-safe connection pooling, file post, and more."
optional = false
python-versions = ">=3.8"
files = [
    {file = "urllib3-2.2.3-py3-none-any.whl", hash = "sha256:ca899ca043dcb1bafa3e262d73aa25c465bfb49e0bd9dd5d59f1d0acba2f8fac"},
    {file = "urllib3-2.2.3.tar.gz", hash = "sha256:e7d814a81dad81e6caf2ec9fdedb284ecc9c73076b62654547cc64ccdcae26e9"},
]

[package.extras]
brotli = ["brotli (>=1.0.9)", "brotlicffi (>=0.8.0)"]
h2 = ["h2 (>=4,<5)"]
socks = ["pysocks (>=1.5.6,!=1.5.7,<2.0)"]
zstd = ["zstandard (>=0.18.0)"]

[[package]]
name = "wrapt"
version = "1.14.0"
description = "Module for decorators, wrappers and monkey patching."
optional = false
python-versions = "!=3.0.*,!=3.1.*,!=3.2.*,!=3.3.*,!=3.4.*,>=2.7"
files = [
    {file = "wrapt-1.14.0-cp27-cp27m-macosx_10_9_x86_64.whl", hash = "sha256:5a9a1889cc01ed2ed5f34574c90745fab1dd06ec2eee663e8ebeefe363e8efd7"},
    {file = "wrapt-1.14.0-cp27-cp27m-manylinux1_i686.whl", hash = "sha256:9a3ff5fb015f6feb78340143584d9f8a0b91b6293d6b5cf4295b3e95d179b88c"},
    {file = "wrapt-1.14.0-cp27-cp27m-manylinux1_x86_64.whl", hash = "sha256:4b847029e2d5e11fd536c9ac3136ddc3f54bc9488a75ef7d040a3900406a91eb"},
    {file = "wrapt-1.14.0-cp27-cp27m-manylinux2010_i686.whl", hash = "sha256:9a5a544861b21e0e7575b6023adebe7a8c6321127bb1d238eb40d99803a0e8bd"},
    {file = "wrapt-1.14.0-cp27-cp27m-manylinux2010_x86_64.whl", hash = "sha256:88236b90dda77f0394f878324cfbae05ae6fde8a84d548cfe73a75278d760291"},
    {file = "wrapt-1.14.0-cp27-cp27mu-manylinux1_i686.whl", hash = "sha256:f0408e2dbad9e82b4c960274214af533f856a199c9274bd4aff55d4634dedc33"},
    {file = "wrapt-1.14.0-cp27-cp27mu-manylinux1_x86_64.whl", hash = "sha256:9d8c68c4145041b4eeae96239802cfdfd9ef927754a5be3f50505f09f309d8c6"},
    {file = "wrapt-1.14.0-cp27-cp27mu-manylinux2010_i686.whl", hash = "sha256:22626dca56fd7f55a0733e604f1027277eb0f4f3d95ff28f15d27ac25a45f71b"},
    {file = "wrapt-1.14.0-cp27-cp27mu-manylinux2010_x86_64.whl", hash = "sha256:65bf3eb34721bf18b5a021a1ad7aa05947a1767d1aa272b725728014475ea7d5"},
    {file = "wrapt-1.14.0-cp310-cp310-macosx_10_9_x86_64.whl", hash = "sha256:09d16ae7a13cff43660155383a2372b4aa09109c7127aa3f24c3cf99b891c330"},
    {file = "wrapt-1.14.0-cp310-cp310-macosx_11_0_arm64.whl", hash = "sha256:debaf04f813ada978d7d16c7dfa16f3c9c2ec9adf4656efdc4defdf841fc2f0c"},
    {file = "wrapt-1.14.0-cp310-cp310-manylinux_2_17_aarch64.manylinux2014_aarch64.whl", hash = "sha256:748df39ed634851350efa87690c2237a678ed794fe9ede3f0d79f071ee042561"},
    {file = "wrapt-1.14.0-cp310-cp310-manylinux_2_5_i686.manylinux1_i686.manylinux_2_17_i686.manylinux2014_i686.whl", hash = "sha256:1807054aa7b61ad8d8103b3b30c9764de2e9d0c0978e9d3fc337e4e74bf25faa"},
    {file = "wrapt-1.14.0-cp310-cp310-manylinux_2_5_x86_64.manylinux1_x86_64.manylinux_2_17_x86_64.manylinux2014_x86_64.whl", hash = "sha256:763a73ab377390e2af26042f685a26787c402390f682443727b847e9496e4a2a"},
    {file = "wrapt-1.14.0-cp310-cp310-musllinux_1_1_aarch64.whl", hash = "sha256:8529b07b49b2d89d6917cfa157d3ea1dfb4d319d51e23030664a827fe5fd2131"},
    {file = "wrapt-1.14.0-cp310-cp310-musllinux_1_1_i686.whl", hash = "sha256:68aeefac31c1f73949662ba8affaf9950b9938b712fb9d428fa2a07e40ee57f8"},
    {file = "wrapt-1.14.0-cp310-cp310-musllinux_1_1_x86_64.whl", hash = "sha256:59d7d92cee84a547d91267f0fea381c363121d70fe90b12cd88241bd9b0e1763"},
    {file = "wrapt-1.14.0-cp310-cp310-win32.whl", hash = "sha256:3a88254881e8a8c4784ecc9cb2249ff757fd94b911d5df9a5984961b96113fff"},
    {file = "wrapt-1.14.0-cp310-cp310-win_amd64.whl", hash = "sha256:9a242871b3d8eecc56d350e5e03ea1854de47b17f040446da0e47dc3e0b9ad4d"},
    {file = "wrapt-1.14.0-cp35-cp35m-manylinux1_i686.whl", hash = "sha256:a65bffd24409454b889af33b6c49d0d9bcd1a219b972fba975ac935f17bdf627"},
    {file = "wrapt-1.14.0-cp35-cp35m-manylinux1_x86_64.whl", hash = "sha256:9d9fcd06c952efa4b6b95f3d788a819b7f33d11bea377be6b8980c95e7d10775"},
    {file = "wrapt-1.14.0-cp35-cp35m-manylinux2010_i686.whl", hash = "sha256:db6a0ddc1282ceb9032e41853e659c9b638789be38e5b8ad7498caac00231c23"},
    {file = "wrapt-1.14.0-cp35-cp35m-manylinux2010_x86_64.whl", hash = "sha256:14e7e2c5f5fca67e9a6d5f753d21f138398cad2b1159913ec9e9a67745f09ba3"},
    {file = "wrapt-1.14.0-cp35-cp35m-win32.whl", hash = "sha256:6d9810d4f697d58fd66039ab959e6d37e63ab377008ef1d63904df25956c7db0"},
    {file = "wrapt-1.14.0-cp35-cp35m-win_amd64.whl", hash = "sha256:d808a5a5411982a09fef6b49aac62986274ab050e9d3e9817ad65b2791ed1425"},
    {file = "wrapt-1.14.0-cp36-cp36m-macosx_10_9_x86_64.whl", hash = "sha256:b77159d9862374da213f741af0c361720200ab7ad21b9f12556e0eb95912cd48"},
    {file = "wrapt-1.14.0-cp36-cp36m-manylinux_2_17_aarch64.manylinux2014_aarch64.whl", hash = "sha256:36a76a7527df8583112b24adc01748cd51a2d14e905b337a6fefa8b96fc708fb"},
    {file = "wrapt-1.14.0-cp36-cp36m-manylinux_2_5_i686.manylinux1_i686.manylinux_2_17_i686.manylinux2014_i686.whl", hash = "sha256:a0057b5435a65b933cbf5d859cd4956624df37b8bf0917c71756e4b3d9958b9e"},
    {file = "wrapt-1.14.0-cp36-cp36m-manylinux_2_5_x86_64.manylinux1_x86_64.manylinux_2_17_x86_64.manylinux2014_x86_64.whl", hash = "sha256:3a0a4ca02752ced5f37498827e49c414d694ad7cf451ee850e3ff160f2bee9d3"},
    {file = "wrapt-1.14.0-cp36-cp36m-musllinux_1_1_aarch64.whl", hash = "sha256:8c6be72eac3c14baa473620e04f74186c5d8f45d80f8f2b4eda6e1d18af808e8"},
    {file = "wrapt-1.14.0-cp36-cp36m-musllinux_1_1_i686.whl", hash = "sha256:21b1106bff6ece8cb203ef45b4f5778d7226c941c83aaaa1e1f0f4f32cc148cd"},
    {file = "wrapt-1.14.0-cp36-cp36m-musllinux_1_1_x86_64.whl", hash = "sha256:493da1f8b1bb8a623c16552fb4a1e164c0200447eb83d3f68b44315ead3f9036"},
    {file = "wrapt-1.14.0-cp36-cp36m-win32.whl", hash = "sha256:89ba3d548ee1e6291a20f3c7380c92f71e358ce8b9e48161401e087e0bc740f8"},
    {file = "wrapt-1.14.0-cp36-cp36m-win_amd64.whl", hash = "sha256:729d5e96566f44fccac6c4447ec2332636b4fe273f03da128fff8d5559782b06"},
    {file = "wrapt-1.14.0-cp37-cp37m-macosx_10_9_x86_64.whl", hash = "sha256:891c353e95bb11abb548ca95c8b98050f3620a7378332eb90d6acdef35b401d4"},
    {file = "wrapt-1.14.0-cp37-cp37m-manylinux_2_17_aarch64.manylinux2014_aarch64.whl", hash = "sha256:23f96134a3aa24cc50614920cc087e22f87439053d886e474638c68c8d15dc80"},
    {file = "wrapt-1.14.0-cp37-cp37m-manylinux_2_5_i686.manylinux1_i686.manylinux_2_17_i686.manylinux2014_i686.whl", hash = "sha256:6807bcee549a8cb2f38f73f469703a1d8d5d990815c3004f21ddb68a567385ce"},
    {file = "wrapt-1.14.0-cp37-cp37m-manylinux_2_5_x86_64.manylinux1_x86_64.manylinux_2_17_x86_64.manylinux2014_x86_64.whl", hash = "sha256:6915682f9a9bc4cf2908e83caf5895a685da1fbd20b6d485dafb8e218a338279"},
    {file = "wrapt-1.14.0-cp37-cp37m-musllinux_1_1_aarch64.whl", hash = "sha256:f2f3bc7cd9c9fcd39143f11342eb5963317bd54ecc98e3650ca22704b69d9653"},
    {file = "wrapt-1.14.0-cp37-cp37m-musllinux_1_1_i686.whl", hash = "sha256:3a71dbd792cc7a3d772ef8cd08d3048593f13d6f40a11f3427c000cf0a5b36a0"},
    {file = "wrapt-1.14.0-cp37-cp37m-musllinux_1_1_x86_64.whl", hash = "sha256:5a0898a640559dec00f3614ffb11d97a2666ee9a2a6bad1259c9facd01a1d4d9"},
    {file = "wrapt-1.14.0-cp37-cp37m-win32.whl", hash = "sha256:167e4793dc987f77fd476862d32fa404d42b71f6a85d3b38cbce711dba5e6b68"},
    {file = "wrapt-1.14.0-cp37-cp37m-win_amd64.whl", hash = "sha256:d066ffc5ed0be00cd0352c95800a519cf9e4b5dd34a028d301bdc7177c72daf3"},
    {file = "wrapt-1.14.0-cp38-cp38-macosx_10_9_x86_64.whl", hash = "sha256:d9bdfa74d369256e4218000a629978590fd7cb6cf6893251dad13d051090436d"},
    {file = "wrapt-1.14.0-cp38-cp38-macosx_11_0_arm64.whl", hash = "sha256:2498762814dd7dd2a1d0248eda2afbc3dd9c11537bc8200a4b21789b6df6cd38"},
    {file = "wrapt-1.14.0-cp38-cp38-manylinux_2_17_aarch64.manylinux2014_aarch64.whl", hash = "sha256:5f24ca7953f2643d59a9c87d6e272d8adddd4a53bb62b9208f36db408d7aafc7"},
    {file = "wrapt-1.14.0-cp38-cp38-manylinux_2_5_i686.manylinux1_i686.manylinux_2_17_i686.manylinux2014_i686.whl", hash = "sha256:5b835b86bd5a1bdbe257d610eecab07bf685b1af2a7563093e0e69180c1d4af1"},
    {file = "wrapt-1.14.0-cp38-cp38-manylinux_2_5_x86_64.manylinux1_x86_64.manylinux_2_17_x86_64.manylinux2014_x86_64.whl", hash = "sha256:b21650fa6907e523869e0396c5bd591cc326e5c1dd594dcdccac089561cacfb8"},
    {file = "wrapt-1.14.0-cp38-cp38-musllinux_1_1_aarch64.whl", hash = "sha256:354d9fc6b1e44750e2a67b4b108841f5f5ea08853453ecbf44c81fdc2e0d50bd"},
    {file = "wrapt-1.14.0-cp38-cp38-musllinux_1_1_i686.whl", hash = "sha256:1f83e9c21cd5275991076b2ba1cd35418af3504667affb4745b48937e214bafe"},
    {file = "wrapt-1.14.0-cp38-cp38-musllinux_1_1_x86_64.whl", hash = "sha256:61e1a064906ccba038aa3c4a5a82f6199749efbbb3cef0804ae5c37f550eded0"},
    {file = "wrapt-1.14.0-cp38-cp38-win32.whl", hash = "sha256:28c659878f684365d53cf59dc9a1929ea2eecd7ac65da762be8b1ba193f7e84f"},
    {file = "wrapt-1.14.0-cp38-cp38-win_amd64.whl", hash = "sha256:b0ed6ad6c9640671689c2dbe6244680fe8b897c08fd1fab2228429b66c518e5e"},
    {file = "wrapt-1.14.0-cp39-cp39-macosx_10_9_x86_64.whl", hash = "sha256:b3f7e671fb19734c872566e57ce7fc235fa953d7c181bb4ef138e17d607dc8a1"},
    {file = "wrapt-1.14.0-cp39-cp39-macosx_11_0_arm64.whl", hash = "sha256:87fa943e8bbe40c8c1ba4086971a6fefbf75e9991217c55ed1bcb2f1985bd3d4"},
    {file = "wrapt-1.14.0-cp39-cp39-manylinux_2_17_aarch64.manylinux2014_aarch64.whl", hash = "sha256:4775a574e9d84e0212f5b18886cace049a42e13e12009bb0491562a48bb2b758"},
    {file = "wrapt-1.14.0-cp39-cp39-manylinux_2_5_i686.manylinux1_i686.manylinux_2_17_i686.manylinux2014_i686.whl", hash = "sha256:9d57677238a0c5411c76097b8b93bdebb02eb845814c90f0b01727527a179e4d"},
    {file = "wrapt-1.14.0-cp39-cp39-manylinux_2_5_x86_64.manylinux1_x86_64.manylinux_2_17_x86_64.manylinux2014_x86_64.whl", hash = "sha256:00108411e0f34c52ce16f81f1d308a571df7784932cc7491d1e94be2ee93374b"},
    {file = "wrapt-1.14.0-cp39-cp39-musllinux_1_1_aarch64.whl", hash = "sha256:d332eecf307fca852d02b63f35a7872de32d5ba8b4ec32da82f45df986b39ff6"},
    {file = "wrapt-1.14.0-cp39-cp39-musllinux_1_1_i686.whl", hash = "sha256:01f799def9b96a8ec1ef6b9c1bbaf2bbc859b87545efbecc4a78faea13d0e3a0"},
    {file = "wrapt-1.14.0-cp39-cp39-musllinux_1_1_x86_64.whl", hash = "sha256:47045ed35481e857918ae78b54891fac0c1d197f22c95778e66302668309336c"},
    {file = "wrapt-1.14.0-cp39-cp39-win32.whl", hash = "sha256:2eca15d6b947cfff51ed76b2d60fd172c6ecd418ddab1c5126032d27f74bc350"},
    {file = "wrapt-1.14.0-cp39-cp39-win_amd64.whl", hash = "sha256:bb36fbb48b22985d13a6b496ea5fb9bb2a076fea943831643836c9f6febbcfdc"},
    {file = "wrapt-1.14.0.tar.gz", hash = "sha256:8323a43bd9c91f62bb7d4be74cc9ff10090e7ef820e27bfe8815c57e68261311"},
]

[metadata]
lock-version = "2.0"
python-versions = "^3.9"
content-hash = "c9580fe3a2f07ad208c12c6c116d8cba73e5fc5c3a80ea2e6301e565d49974ea"
